
Microsoft Visual Studio Solution File, Format Version 12.00
# Visual Studio Version 16
VisualStudioVersion = 16.0.31702.278
MinimumVisualStudioVersion = 10.0.40219.1
Project("{888888A0-9F3D-457C-B088-3A5042F75D52}") = "Similar_actor", "Similar_actor.pyproj", "{CA1696A5-DAF5-4325-B9A6-287B45E8D76D}"
EndProject
Global
	GlobalSection(SolutionConfigurationPlatforms) = preSolution
		Debug|Any CPU = Debug|Any CPU
		Release|Any CPU = Release|Any CPU
	EndGlobalSection
	GlobalSection(ProjectConfigurationPlatforms) = postSolution
		{CA1696A5-DAF5-4325-B9A6-287B45E8D76D}.Debug|Any CPU.ActiveCfg = Debug|Any CPU
		{CA1696A5-DAF5-4325-B9A6-287B45E8D76D}.Release|Any CPU.ActiveCfg = Release|Any CPU
	EndGlobalSection
	GlobalSection(SolutionProperties) = preSolution
		HideSolutionNode = FALSE
	EndGlobalSection
	GlobalSection(ExtensibilityGlobals) = postSolution
		SolutionGuid = {045C1344-C684-4720-B1CA-697EBD79B66A}
	EndGlobalSection
EndGlobal
